
Microsoft Visual Studio Solution File, Format Version 12.00
# Visual Studio Version 17
VisualStudioVersion = 17.3.32611.2
MinimumVisualStudioVersion = 10.0.40219.1
Project("{FAE04EC0-301F-11D3-BF4B-00C04F79EFBC}") = "WinFormsBlazor", "WinFormsBlazor\WinFormsBlazor.csproj", "{D4F6A7BC-B24E-4C8C-96E5-15FEC4BB5F86}"
EndProject
Global
	GlobalSection(SolutionConfigurationPlatforms) = preSolution
		Debug|Any CPU = Debug|Any CPU
		Release|Any CPU = Release|Any CPU
	EndGlobalSection
	GlobalSection(ProjectConfigurationPlatforms) = postSolution
		{D4F6A7BC-B24E-4C8C-96E5-15FEC4BB5F86}.Debug|Any CPU.ActiveCfg = Debug|Any CPU
		{D4F6A7BC-B24E-4C8C-96E5-15FEC4BB5F86}.Debug|Any CPU.Build.0 = Debug|Any CPU
		{D4F6A7BC-B24E-4C8C-96E5-15FEC4BB5F86}.Release|Any CPU.ActiveCfg = Release|Any CPU
		{D4F6A7BC-B24E-4C8C-96E5-15FEC4BB5F86}.Release|Any CPU.Build.0 = Release|Any CPU
	EndGlobalSection
	GlobalSection(SolutionProperties) = preSolution
		HideSolutionNode = FALSE
	EndGlobalSection
	GlobalSection(ExtensibilityGlobals) = postSolution
		SolutionGuid = {8909D9B2-1371-4F5F-A4B9-6D3C7589DD8D}
	EndGlobalSection
EndGlobal
